
Microsoft Visual Studio Solution File, Format Version 12.00
# Visual Studio Version 16
VisualStudioVersion = 16.0.31410.357
MinimumVisualStudioVersion = 10.0.40219.1
Project("{FAE04EC0-301F-11D3-BF4B-00C04F79EFBC}") = "Win 11 Tweaker", "Win 11 Tweaker\Win 11 Tweaker.csproj", "{1D6DD270-FF54-4A49-8165-1EFB64DEC75A}"
EndProject
Global
	GlobalSection(SolutionConfigurationPlatforms) = preSolution
		Debug|Any CPU = Debug|Any CPU
		Release|Any CPU = Release|Any CPU
	EndGlobalSection
	GlobalSection(ProjectConfigurationPlatforms) = postSolution
		{1D6DD270-FF54-4A49-8165-1EFB64DEC75A}.Debug|Any CPU.ActiveCfg = Debug|Any CPU
		{1D6DD270-FF54-4A49-8165-1EFB64DEC75A}.Debug|Any CPU.Build.0 = Debug|Any CPU
		{1D6DD270-FF54-4A49-8165-1EFB64DEC75A}.Release|Any CPU.ActiveCfg = Release|Any CPU
		{1D6DD270-FF54-4A49-8165-1EFB64DEC75A}.Release|Any CPU.Build.0 = Release|Any CPU
	EndGlobalSection
	GlobalSection(SolutionProperties) = preSolution
		HideSolutionNode = FALSE
	EndGlobalSection
	GlobalSection(ExtensibilityGlobals) = postSolution
		SolutionGuid = {4ADD3DA4-C924-4657-9EA4-81F440CBE0F9}
	EndGlobalSection
EndGlobal
